
Microsoft Visual Studio Solution File, Format Version 12.00
# Visual Studio Version 16
VisualStudioVersion = 16.0.29806.167
MinimumVisualStudioVersion = 10.0.40219.1
Project("{888888A0-9F3D-457C-B088-3A5042F75D52}") = "TestProjectProcompliens", "TestProjectProcompliens\TestProjectProcompliens.pyproj", "{A87C2B5F-B1C1-40D5-BBD4-E6E97478C58E}"
EndProject
Global
	GlobalSection(SolutionConfigurationPlatforms) = preSolution
		Debug|Any CPU = Debug|Any CPU
		Release|Any CPU = Release|Any CPU
	EndGlobalSection
	GlobalSection(ProjectConfigurationPlatforms) = postSolution
		{A87C2B5F-B1C1-40D5-BBD4-E6E97478C58E}.Debug|Any CPU.ActiveCfg = Debug|Any CPU
		{A87C2B5F-B1C1-40D5-BBD4-E6E97478C58E}.Release|Any CPU.ActiveCfg = Release|Any CPU
	EndGlobalSection
	GlobalSection(SolutionProperties) = preSolution
		HideSolutionNode = FALSE
	EndGlobalSection
	GlobalSection(ExtensibilityGlobals) = postSolution
		SolutionGuid = {843B76E4-8BF9-4B4C-9EF9-5CFA89A37A76}
	EndGlobalSection
EndGlobal
